// !$*UTF8*$!
{
	archiveVersion = 1;
	classes = {
	};
	objectVersion = 50;
	objects = {

/* Begin PBXBuildFile section */
		D13C3D4423962D6800F99247 /* AppDelegate.m in Sources */ = {isa = PBXBuildFile; fileRef = D13C3D4323962D6800F99247 /* AppDelegate.m */; };
		D13C3D4723962D6800F99247 /* SceneDelegate.m in Sources */ = {isa = PBXBuildFile; fileRef = D13C3D4623962D6800F99247 /* SceneDelegate.m */; };
		D13C3D4A23962D6800F99247 /* ViewController.m in Sources */ = {isa = PBXBuildFile; fileRef = D13C3D4923962D6800F99247 /* ViewController.m */; };
		D13C3D4D23962D6800F99247 /* Main.storyboard in Resources */ = {isa = PBXBuildFile; fileRef = D13C3D4B23962D6800F99247 /* Main.storyboard */; };
		D13C3D4F23962D6900F99247 /* Assets.xcassets in Resources */ = {isa = PBXBuildFile; fileRef = D13C3D4E23962D6900F99247 /* Assets.xcassets */; };
		D13C3D5223962D6900F99247 /* LaunchScreen.storyboard in Resources */ = {isa = PBXBuildFile; fileRef = D13C3D5023962D6900F99247 /* LaunchScreen.storyboard */; };
		D13C3D5523962D6900F99247 /* main.m in Sources */ = {isa = PBXBuildFile; fileRef = D13C3D5423962D6900F99247 /* main.m */; };
		D13C3D5F23962D6900F99247 /* AlgorithmDemoTests.m in Sources */ = {isa = PBXBuildFile; fileRef = D13C3D5E23962D6900F99247 /* AlgorithmDemoTests.m */; };
		D13C3D6A23962D6900F99247 /* AlgorithmDemoUITests.m in Sources */ = {isa = PBXBuildFile; fileRef = D13C3D6923962D6900F99247 /* AlgorithmDemoUITests.m */; };
/* End PBXBuildFile section */

/* Begin PBXContainerItemProxy section */
		D13C3D5B23962D6900F99247 /* PBXContainerItemProxy */ = {
			isa = PBXContainerItemProxy;
			containerPortal = D13C3D3723962D6800F99247 /* Project object */;
			proxyType = 1;
			remoteGlobalIDString = D13C3D3E23962D6800F99247;
			remoteInfo = AlgorithmDemo;
		};
		D13C3D6623962D6900F99247 /* PBXContainerItemProxy */ = {
			isa = PBXContainerItemProxy;
			containerPortal = D13C3D3723962D6800F99247 /* Project object */;
			proxyType = 1;
			remoteGlobalIDString = D13C3D3E23962D6800F99247;
			remoteInfo = AlgorithmDemo;
		};
/* End PBXContainerItemProxy section */

/* Begin PBXFileReference section */
		D13C3D3F23962D6800F99247 /* AlgorithmDemo.app */ = {isa = PBXFileReference; explicitFileType = wrapper.application; includeInIndex = 0; path = AlgorithmDemo.app; sourceTree = BUILT_PRODUCTS_DIR; };
		D13C3D4223962D6800F99247 /* AppDelegate.h */ = {isa = PBXFileReference; lastKnownFileType = sourcecode.c.h; path = AppDelegate.h; sourceTree = "<group>"; };
		D13C3D4323962D6800F99247 /* AppDelegate.m */ = {isa = PBXFileReference; lastKnownFileType = sourcecode.c.objc; path = AppDelegate.m; sourceTree = "<group>"; };
		D13C3D4523962D6800F99247 /* SceneDelegate.h */ = {isa = PBXFileReference; lastKnownFileType = sourcecode.c.h; path = SceneDelegate.h; sourceTree = "<group>"; };
		D13C3D4623962D6800F99247 /* SceneDelegate.m */ = {isa = PBXFileReference; lastKnownFileType = sourcecode.c.objc; path = SceneDelegate.m; sourceTree = "<group>"; };
		D13C3D4823962D6800F99247 /* ViewController.h */ = {isa = PBXFileReference; lastKnownFileType = sourcecode.c.h; path = ViewController.h; sourceTree = "<group>"; };
		D13C3D4923962D6800F99247 /* ViewController.m */ = {isa = PBXFileReference; lastKnownFileType = sourcecode.c.objc; path = ViewController.m; sourceTree = "<group>"; };
		D13C3D4C23962D6800F99247 /* Base */ = {isa = PBXFileReference; lastKnownFileType = file.storyboard; name = Base; path = Base.lproj/Main.storyboard; sourceTree = "<group>"; };
		D13C3D4E23962D6900F99247 /* Assets.xcassets */ = {isa = PBXFileReference; lastKnownFileType = folder.assetcatalog; path = Assets.xcassets; sourceTree = "<group>"; };
		D13C3D5123962D6900F99247 /* Base */ = {isa = PBXFileReference; lastKnownFileType = file.storyboard; name = Base; path = Base.lproj/LaunchScreen.storyboard; sourceTree = "<group>"; };
		D13C3D5323962D6900F99247 /* Info.plist */ = {isa = PBXFileReference; lastKnownFileType = text.plist.xml; path = Info.plist; sourceTree = "<group>"; };
		D13C3D5423962D6900F99247 /* main.m */ = {isa = PBXFileReference; lastKnownFileType = sourcecode.c.objc; path = main.m; sourceTree = "<group>"; };
		D13C3D5A23962D6900F99247 /* AlgorithmDemoTests.xctest */ = {isa = PBXFileReference; explicitFileType = wrapper.cfbundle; includeInIndex = 0; path = AlgorithmDemoTests.xctest; sourceTree = BUILT_PRODUCTS_DIR; };
		D13C3D5E23962D6900F99247 /* AlgorithmDemoTests.m */ = {isa = PBXFileReference; lastKnownFileType = sourcecode.c.objc; path = AlgorithmDemoTests.m; sourceTree = "<group>"; };
		D13C3D6023962D6900F99247 /* Info.plist */ = {isa = PBXFileReference; lastKnownFileType = text.plist.xml; path = Info.plist; sourceTree = "<group>"; };
		D13C3D6523962D6900F99247 /* AlgorithmDemoUITests.xctest */ = {isa = PBXFileReference; explicitFileType = wrapper.cfbundle; includeInIndex = 0; path = AlgorithmDemoUITests.xctest; sourceTree = BUILT_PRODUCTS_DIR; };
		D13C3D6923962D6900F99247 /* AlgorithmDemoUITests.m */ = {isa = PBXFileReference; lastKnownFileType = sourcecode.c.objc; path = AlgorithmDemoUITests.m; sourceTree = "<group>"; };
		D13C3D6B23962D6900F99247 /* Info.plist */ = {isa = PBXFileReference; lastKnownFileType = text.plist.xml; path = Info.plist; sourceTree = "<group>"; };
/* End PBXFileReference section */

/* Begin PBXFrameworksBuildPhase section */
		D13C3D3C23962D6800F99247 /* Frameworks */ = {
			isa = PBXFrameworksBuildPhase;
			buildActionMask = 2147483647;
			files = (
			);
			runOnlyForDeploymentPostprocessing = 0;
		};
		D13C3D5723962D6900F99247 /* Frameworks */ = {
			isa = PBXFrameworksBuildPhase;
			buildActionMask = 2147483647;
			files = (
			);
			runOnlyForDeploymentPostprocessing = 0;
		};
		D13C3D6223962D6900F99247 /* Frameworks */ = {
			isa = PBXFrameworksBuildPhase;
			buildActionMask = 2147483647;
			files = (
			);
			runOnlyForDeploymentPostprocessing = 0;
		};
/* End PBXFrameworksBuildPhase section */

/* Begin PBXGroup section */
		D13C3D3623962D6800F99247 = {
			isa = PBXGroup;
			children = (
				D13C3D4123962D6800F99247 /* AlgorithmDemo */,
				D13C3D5D23962D6900F99247 /* AlgorithmDemoTests */,
				D13C3D6823962D6900F99247 /* AlgorithmDemoUITests */,
				D13C3D4023962D6800F99247 /* Products */,
			);
			sourceTree = "<group>";
		};
		D13C3D4023962D6800F99247 /* Products */ = {
			isa = PBXGroup;
			children = (
				D13C3D3F23962D6800F99247 /* AlgorithmDemo.app */,
				D13C3D5A23962D6900F99247 /* AlgorithmDemoTests.xctest */,
				D13C3D6523962D6900F99247 /* AlgorithmDemoUITests.xctest */,
			);
			name = Products;
			sourceTree = "<group>";
		};
		D13C3D4123962D6800F99247 /* AlgorithmDemo */ = {
			isa = PBXGroup;
			children = (
				D13C3D4223962D6800F99247 /* AppDelegate.h */,
				D13C3D4323962D6800F99247 /* AppDelegate.m */,
				D13C3D4523962D6800F99247 /* SceneDelegate.h */,
				D13C3D4623962D6800F99247 /* SceneDelegate.m */,
				D13C3D4823962D6800F99247 /* ViewController.h */,
				D13C3D4923962D6800F99247 /* ViewController.m */,
				D13C3D4B23962D6800F99247 /* Main.storyboard */,
				D13C3D4E23962D6900F99247 /* Assets.xcassets */,
				D13C3D5023962D6900F99247 /* LaunchScreen.storyboard */,
				D13C3D5323962D6900F99247 /* Info.plist */,
				D13C3D5423962D6900F99247 /* main.m */,
			);
			path = AlgorithmDemo;
			sourceTree = "<group>";
		};
		D13C3D5D23962D6900F99247 /* AlgorithmDemoTests */ = {
			isa = PBXGroup;
			children = (
				D13C3D5E23962D6900F99247 /* AlgorithmDemoTests.m */,
				D13C3D6023962D6900F99247 /* Info.plist */,
			);
			path = AlgorithmDemoTests;
			sourceTree = "<group>";
		};
		D13C3D6823962D6900F99247 /* AlgorithmDemoUITests */ = {
			isa = PBXGroup;
			children = (
				D13C3D6923962D6900F99247 /* AlgorithmDemoUITests.m */,
				D13C3D6B23962D6900F99247 /* Info.plist */,
			);
			path = AlgorithmDemoUITests;
			sourceTree = "<group>";
		};
/* End PBXGroup section */

/* Begin PBXNativeTarget section */
		D13C3D3E23962D6800F99247 /* AlgorithmDemo */ = {
			isa = PBXNativeTarget;
			buildConfigurationList = D13C3D6E23962D6900F99247 /* Build configuration list for PBXNativeTarget "AlgorithmDemo" */;
			buildPhases = (
				D13C3D3B23962D6800F99247 /* Sources */,
				D13C3D3C23962D6800F99247 /* Frameworks */,
				D13C3D3D23962D6800F99247 /* Resources */,
			);
			buildRules = (
			);
			dependencies = (
			);
			name = AlgorithmDemo;
			productName = AlgorithmDemo;
			productReference = D13C3D3F23962D6800F99247 /* AlgorithmDemo.app */;
			productType = "com.apple.product-type.application";
		};
		D13C3D5923962D6900F99247 /* AlgorithmDemoTests */ = {
			isa = PBXNativeTarget;
			buildConfigurationList = D13C3D7123962D6900F99247 /* Build configuration list for PBXNativeTarget "AlgorithmDemoTests" */;
			buildPhases = (
				D13C3D5623962D6900F99247 /* Sources */,
				D13C3D5723962D6900F99247 /* Frameworks */,
				D13C3D5823962D6900F99247 /* Resources */,
			);
			buildRules = (
			);
			dependencies = (
				D13C3D5C23962D6900F99247 /* PBXTargetDependency */,
			);
			name = AlgorithmDemoTests;
			productName = AlgorithmDemoTests;
			productReference = D13C3D5A23962D6900F99247 /* AlgorithmDemoTests.xctest */;
			productType = "com.apple.product-type.bundle.unit-test";
		};
		D13C3D6423962D6900F99247 /* AlgorithmDemoUITests */ = {
			isa = PBXNativeTarget;
			buildConfigurationList = D13C3D7423962D6900F99247 /* Build configuration list for PBXNativeTarget "AlgorithmDemoUITests" */;
			buildPhases = (
				D13C3D6123962D6900F99247 /* Sources */,
				D13C3D6223962D6900F99247 /* Frameworks */,
				D13C3D6323962D6900F99247 /* Resources */,
			);
			buildRules = (
			);
			dependencies = (
				D13C3D6723962D6900F99247 /* PBXTargetDependency */,
			);
			name = AlgorithmDemoUITests;
			productName = AlgorithmDemoUITests;
			productReference = D13C3D6523962D6900F99247 /* AlgorithmDemoUITests.xctest */;
			productType = "com.apple.product-type.bundle.ui-testing";
		};
/* End PBXNativeTarget section */

/* Begin PBXProject section */
		D13C3D3723962D6800F99247 /* Project object */ = {
			isa = PBXProject;
			attributes = {
				LastUpgradeCheck = 1110;
				ORGANIZATIONNAME = "王颖博";
				TargetAttributes = {
					D13C3D3E23962D6800F99247 = {
						CreatedOnToolsVersion = 11.1;
					};
					D13C3D5923962D6900F99247 = {
						CreatedOnToolsVersion = 11.1;
						TestTargetID = D13C3D3E23962D6800F99247;
					};
					D13C3D6423962D6900F99247 = {
						CreatedOnToolsVersion = 11.1;
						TestTargetID = D13C3D3E23962D6800F99247;
					};
				};
			};
			buildConfigurationList = D13C3D3A23962D6800F99247 /* Build configuration list for PBXProject "AlgorithmDemo" */;
			compatibilityVersion = "Xcode 9.3";
			developmentRegion = en;
			hasScannedForEncodings = 0;
			knownRegions = (
				en,
				Base,
			);
			mainGroup = D13C3D3623962D6800F99247;
			productRefGroup = D13C3D4023962D6800F99247 /* Products */;
			projectDirPath = "";
			projectRoot = "";
			targets = (
				D13C3D3E23962D6800F99247 /* AlgorithmDemo */,
				D13C3D5923962D6900F99247 /* AlgorithmDemoTests */,
				D13C3D6423962D6900F99247 /* AlgorithmDemoUITests */,
			);
		};
/* End PBXProject section */

/* Begin PBXResourcesBuildPhase section */
		D13C3D3D23962D6800F99247 /* Resources */ = {
			isa = PBXResourcesBuildPhase;
			buildActionMask = 2147483647;
			files = (
				D13C3D5223962D6900F99247 /* LaunchScreen.storyboard in Resources */,
				D13C3D4F23962D6900F99247 /* Assets.xcassets in Resources */,
				D13C3D4D23962D6800F99247 /* Main.storyboard in Resources */,
			);
			runOnlyForDeploymentPostprocessing = 0;
		};
		D13C3D5823962D6900F99247 /* Resources */ = {
			isa = PBXResourcesBuildPhase;
			buildActionMask = 2147483647;
			files = (
			);
			runOnlyForDeploymentPostprocessing = 0;
		};
		D13C3D6323962D6900F99247 /* Resources */ = {
			isa = PBXResourcesBuildPhase;
			buildActionMask = 2147483647;
			files = (
			);
			runOnlyForDeploymentPostprocessing = 0;
		};
/* End PBXResourcesBuildPhase section */

/* Begin PBXSourcesBuildPhase section */
		D13C3D3B23962D6800F99247 /* Sources */ = {
			isa = PBXSourcesBuildPhase;
			buildActionMask = 2147483647;
			files = (
				D13C3D4A23962D6800F99247 /* ViewController.m in Sources */,
				D13C3D4423962D6800F99247 /* AppDelegate.m in Sources */,
				D13C3D5523962D6900F99247 /* main.m in Sources */,
				D13C3D4723962D6800F99247 /* SceneDelegate.m in Sources */,
			);
			runOnlyForDeploymentPostprocessing = 0;
		};
		D13C3D5623962D6900F99247 /* Sources */ = {
			isa = PBXSourcesBuildPhase;
			buildActionMask = 2147483647;
			files = (
				D13C3D5F23962D6900F99247 /* AlgorithmDemoTests.m in Sources */,
			);
			runOnlyForDeploymentPostprocessing = 0;
		};
		D13C3D6123962D6900F99247 /* Sources */ = {
			isa = PBXSourcesBuildPhase;
			buildActionMask = 2147483647;
			files = (
				D13C3D6A23962D6900F99247 /* AlgorithmDemoUITests.m in Sources */,
			);
			runOnlyForDeploymentPostprocessing = 0;
		};
/* End PBXSourcesBuildPhase section */

/* Begin PBXTargetDependency section */
		D13C3D5C23962D6900F99247 /* PBXTargetDependency */ = {
			isa = PBXTargetDependency;
			target = D13C3D3E23962D6800F99247 /* AlgorithmDemo */;
			targetProxy = D13C3D5B23962D6900F99247 /* PBXContainerItemProxy */;
		};
		D13C3D6723962D6900F99247 /* PBXTargetDependency */ = {
			isa = PBXTargetDependency;
			target = D13C3D3E23962D6800F99247 /* AlgorithmDemo */;
			targetProxy = D13C3D6623962D6900F99247 /* PBXContainerItemProxy */;
		};
/* End PBXTargetDependency section */

/* Begin PBXVariantGroup section */
		D13C3D4B23962D6800F99247 /* Main.storyboard */ = {
			isa = PBXVariantGroup;
			children = (
				D13C3D4C23962D6800F99247 /* Base */,
			);
			name = Main.storyboard;
			sourceTree = "<group>";
		};
		D13C3D5023962D6900F99247 /* LaunchScreen.storyboard */ = {
			isa = PBXVariantGroup;
			children = (
				D13C3D5123962D6900F99247 /* Base */,
			);
			name = LaunchScreen.storyboard;
			sourceTree = "<group>";
		};
/* End PBXVariantGroup section */

/* Begin XCBuildConfiguration section */
		D13C3D6C23962D6900F99247 /* Debug */ = {
			isa = XCBuildConfiguration;
			buildSettings = {
				ALWAYS_SEARCH_USER_PATHS = NO;
				CLANG_ANALYZER_NONNULL = YES;
				CLANG_ANALYZER_NUMBER_OBJECT_CONVERSION = YES_AGGRESSIVE;
				CLANG_CXX_LANGUAGE_STANDARD = "gnu++14";
				CLANG_CXX_LIBRARY = "libc++";
				CLANG_ENABLE_MODULES = YES;
				CLANG_ENABLE_OBJC_ARC = YES;
				CLANG_ENABLE_OBJC_WEAK = YES;
				CLANG_WARN_BLOCK_CAPTURE_AUTORELEASING = YES;
				CLANG_WARN_BOOL_CONVERSION = YES;
				CLANG_WARN_COMMA = YES;
				CLANG_WARN_CONSTANT_CONVERSION = YES;
				CLANG_WARN_DEPRECATED_OBJC_IMPLEMENTATIONS = YES;
				CLANG_WARN_DIRECT_OBJC_ISA_USAGE = YES_ERROR;
				CLANG_WARN_DOCUMENTATION_COMMENTS = YES;
				CLANG_WARN_EMPTY_BODY = YES;
				CLANG_WARN_ENUM_CONVERSION = YES;
				CLANG_WARN_INFINITE_RECURSION = YES;
				CLANG_WARN_INT_CONVERSION = YES;
				CLANG_WARN_NON_LITERAL_NULL_CONVERSION = YES;
				CLANG_WARN_OBJC_IMPLICIT_RETAIN_SELF = YES;
				CLANG_WARN_OBJC_LITERAL_CONVERSION = YES;
				CLANG_WARN_OBJC_ROOT_CLASS = YES_ERROR;
				CLANG_WARN_RANGE_LOOP_ANALYSIS = YES;
				CLANG_WARN_STRICT_PROTOTYPES = YES;
				CLANG_WARN_SUSPICIOUS_MOVE = YES;
				CLANG_WARN_UNGUARDED_AVAILABILITY = YES_AGGRESSIVE;
				CLANG_WARN_UNREACHABLE_CODE = YES;
				CLANG_WARN__DUPLICATE_METHOD_MATCH = YES;
				COPY_PHASE_STRIP = NO;
				DEBUG_INFORMATION_FORMAT = dwarf;
				ENABLE_STRICT_OBJC_MSGSEND = YES;
				ENABLE_TESTABILITY = YES;
				GCC_C_LANGUAGE_STANDARD = gnu11;
				GCC_DYNAMIC_NO_PIC = NO;
				GCC_NO_COMMON_BLOCKS = YES;
				GCC_OPTIMIZATION_LEVEL = 0;
				GCC_PREPROCESSOR_DEFINITIONS = (
					"DEBUG=1",
					"$(inherited)",
				);
				GCC_WARN_64_TO_32_BIT_CONVERSION = YES;
				GCC_WARN_ABOUT_RETURN_TYPE = YES_ERROR;
				GCC_WARN_UNDECLARED_SELECTOR = YES;
				GCC_WARN_UNINITIALIZED_AUTOS = YES_AGGRESSIVE;
				GCC_WARN_UNUSED_FUNCTION = YES;
				GCC_WARN_UNUSED_VARIABLE = YES;
				IPHONEOS_DEPLOYMENT_TARGET = 13.1;
				MTL_ENABLE_DEBUG_INFO = INCLUDE_SOURCE;
				MTL_FAST_MATH = YES;
				ONLY_ACTIVE_ARCH = YES;
				SDKROOT = iphoneos;
			};
			name = Debug;
		};
		D13C3D6D23962D6900F99247 /* Release */ = {
			isa = XCBuildConfiguration;
			buildSettings = {
				ALWAYS_SEARCH_USER_PATHS = NO;
				CLANG_ANALYZER_NONNULL = YES;
				CLANG_ANALYZER_NUMBER_OBJECT_CONVERSION = YES_AGGRESSIVE;
				CLANG_CXX_LANGUAGE_STANDARD = "gnu++14";
				CLANG_CXX_LIBRARY = "libc++";
				CLANG_ENABLE_MODULES = YES;
				CLANG_ENABLE_OBJC_ARC = YES;
				CLANG_ENABLE_OBJC_WEAK = YES;
				CLANG_WARN_BLOCK_CAPTURE_AUTORELEASING = YES;
				CLANG_WARN_BOOL_CONVERSION = YES;
				CLANG_WARN_COMMA = YES;
				CLANG_WARN_CONSTANT_CONVERSION = YES;
				CLANG_WARN_DEPRECATED_OBJC_IMPLEMENTATIONS = YES;
				CLANG_WARN_DIRECT_OBJC_ISA_USAGE = YES_ERROR;
				CLANG_WARN_DOCUMENTATION_COMMENTS = YES;
				CLANG_WARN_EMPTY_BODY = YES;
				CLANG_WARN_ENUM_CONVERSION = YES;
				CLANG_WARN_INFINITE_RECURSION = YES;
				CLANG_WARN_INT_CONVERSION = YES;
				CLANG_WARN_NON_LITERAL_NULL_CONVERSION = YES;
				CLANG_WARN_OBJC_IMPLICIT_RETAIN_SELF = YES;
				CLANG_WARN_OBJC_LITERAL_CONVERSION = YES;
				CLANG_WARN_OBJC_ROOT_CLASS = YES_ERROR;
				CLANG_WARN_RANGE_LOOP_ANALYSIS = YES;
				CLANG_WARN_STRICT_PROTOTYPES = YES;
				CLANG_WARN_SUSPICIOUS_MOVE = YES;
				CLANG_WARN_UNGUARDED_AVAILABILITY = YES_AGGRESSIVE;
				CLANG_WARN_UNREACHABLE_CODE = YES;
				CLANG_WARN__DUPLICATE_METHOD_MATCH = YES;
				COPY_PHASE_STRIP = NO;
				DEBUG_INFORMATION_FORMAT = "dwarf-with-dsym";
				ENABLE_NS_ASSERTIONS = NO;
				ENABLE_STRICT_OBJC_MSGSEND = YES;
				GCC_C_LANGUAGE_STANDARD = gnu11;
				GCC_NO_COMMON_BLOCKS = YES;
				GCC_WARN_64_TO_32_BIT_CONVERSION = YES;
				GCC_WARN_ABOUT_RETURN_TYPE = YES_ERROR;
				GCC_WARN_UNDECLARED_SELECTOR = YES;
				GCC_WARN_UNINITIALIZED_AUTOS = YES_AGGRESSIVE;
				GCC_WARN_UNUSED_FUNCTION = YES;
				GCC_WARN_UNUSED_VARIABLE = YES;
				IPHONEOS_DEPLOYMENT_TARGET = 13.1;
				MTL_ENABLE_DEBUG_INFO = NO;
				MTL_FAST_MATH = YES;
				SDKROOT = iphoneos;
				VALIDATE_PRODUCT = YES;
			};
			name = Release;
		};
		D13C3D6F23962D6900F99247 /* Debug */ = {
			isa = XCBuildConfiguration;
			buildSettings = {
				ASSETCATALOG_COMPILER_APPICON_NAME = AppIcon;
				CODE_SIGN_STYLE = Automatic;
				DEVELOPMENT_TEAM = 2T9CHG78WE;
				INFOPLIST_FILE = AlgorithmDemo/Info.plist;
				LD_RUNPATH_SEARCH_PATHS = (
					"$(inherited)",
					"@executable_path/Frameworks",
				);
				PRODUCT_BUNDLE_IDENTIFIER = top.wangyingbo.www.AlgorithmDemo;
				PRODUCT_NAME = "$(TARGET_NAME)";
				TARGETED_DEVICE_FAMILY = "1,2";
			};
			name = Debug;
		};
		D13C3D7023962D6900F99247 /* Release */ = {
			isa = XCBuildConfiguration;
			buildSettings = {
				ASSETCATALOG_COMPILER_APPICON_NAME = AppIcon;
				CODE_SIGN_STYLE = Automatic;
				DEVELOPMENT_TEAM = 2T9CHG78WE;
				INFOPLIST_FILE = AlgorithmDemo/Info.plist;
				LD_RUNPATH_SEARCH_PATHS = (
					"$(inherited)",
					"@executable_path/Frameworks",
				);
				PRODUCT_BUNDLE_IDENTIFIER = top.wangyingbo.www.AlgorithmDemo;
				PRODUCT_NAME = "$(TARGET_NAME)";
				TARGETED_DEVICE_FAMILY = "1,2";
			};
			name = Release;
		};
		D13C3D7223962D6900F99247 /* Debug */ = {
			isa = XCBuildConfiguration;
			buildSettings = {
				BUNDLE_LOADER = "$(TEST_HOST)";
				CODE_SIGN_STYLE = Automatic;
				DEVELOPMENT_TEAM = 2T9CHG78WE;
				INFOPLIST_FILE = AlgorithmDemoTests/Info.plist;
				IPHONEOS_DEPLOYMENT_TARGET = 13.1;
				LD_RUNPATH_SEARCH_PATHS = (
					"$(inherited)",
					"@executable_path/Frameworks",
					"@loader_path/Frameworks",
				);
				PRODUCT_BUNDLE_IDENTIFIER = top.wangyingbo.www.AlgorithmDemoTests;
				PRODUCT_NAME = "$(TARGET_NAME)";
				TARGETED_DEVICE_FAMILY = "1,2";
				TEST_HOST = "$(BUILT_PRODUCTS_DIR)/AlgorithmDemo.app/AlgorithmDemo";
			};
			name = Debug;
		};
		D13C3D7323962D6900F99247 /* Release */ = {
			isa = XCBuildConfiguration;
			buildSettings = {
				BUNDLE_LOADER = "$(TEST_HOST)";
				CODE_SIGN_STYLE = Automatic;
				DEVELOPMENT_TEAM = 2T9CHG78WE;
				INFOPLIST_FILE = AlgorithmDemoTests/Info.plist;
				IPHONEOS_DEPLOYMENT_TARGET = 13.1;
				LD_RUNPATH_SEARCH_PATHS = (
					"$(inherited)",
					"@executable_path/Frameworks",
					"@loader_path/Frameworks",
				);
				PRODUCT_BUNDLE_IDENTIFIER = top.wangyingbo.www.AlgorithmDemoTests;
				PRODUCT_NAME = "$(TARGET_NAME)";
				TARGETED_DEVICE_FAMILY = "1,2";
				TEST_HOST = "$(BUILT_PRODUCTS_DIR)/AlgorithmDemo.app/AlgorithmDemo";
			};
			name = Release;
		};
		D13C3D7523962D6900F99247 /* Debug */ = {
			isa = XCBuildConfiguration;
			buildSettings = {
				CODE_SIGN_STYLE = Automatic;
				DEVELOPMENT_TEAM = 2T9CHG78WE;
				INFOPLIST_FILE = AlgorithmDemoUITests/Info.plist;
				LD_RUNPATH_SEARCH_PATHS = (
					"$(inherited)",
					"@executable_path/Frameworks",
					"@loader_path/Frameworks",
				);
				PRODUCT_BUNDLE_IDENTIFIER = top.wangyingbo.www.AlgorithmDemoUITests;
				PRODUCT_NAME = "$(TARGET_NAME)";
				TARGETED_DEVICE_FAMILY = "1,2";
				TEST_TARGET_NAME = AlgorithmDemo;
			};
			name = Debug;
		};
		D13C3D7623962D6900F99247 /* Release */ = {
			isa = XCBuildConfiguration;
			buildSettings = {
				CODE_SIGN_STYLE = Automatic;
				DEVELOPMENT_TEAM = 2T9CHG78WE;
				INFOPLIST_FILE = AlgorithmDemoUITests/Info.plist;
				LD_RUNPATH_SEARCH_PATHS = (
					"$(inherited)",
					"@executable_path/Frameworks",
					"@loader_path/Frameworks",
				);
				PRODUCT_BUNDLE_IDENTIFIER = top.wangyingbo.www.AlgorithmDemoUITests;
				PRODUCT_NAME = "$(TARGET_NAME)";
				TARGETED_DEVICE_FAMILY = "1,2";
				TEST_TARGET_NAME = AlgorithmDemo;
			};
			name = Release;
		};
/* End XCBuildConfiguration section */

/* Begin XCConfigurationList section */
		D13C3D3A23962D6800F99247 /* Build configuration list for PBXProject "AlgorithmDemo" */ = {
			isa = XCConfigurationList;
			buildConfigurations = (
				D13C3D6C23962D6900F99247 /* Debug */,
				D13C3D6D23962D6900F99247 /* Release */,
			);
			defaultConfigurationIsVisible = 0;
			defaultConfigurationName = Release;
		};
		D13C3D6E23962D6900F99247 /* Build configuration list for PBXNativeTarget "AlgorithmDemo" */ = {
			isa = XCConfigurationList;
			buildConfigurations = (
				D13C3D6F23962D6900F99247 /* Debug */,
				D13C3D7023962D6900F99247 /* Release */,
			);
			defaultConfigurationIsVisible = 0;
			defaultConfigurationName = Release;
		};
		D13C3D7123962D6900F99247 /* Build configuration list for PBXNativeTarget "AlgorithmDemoTests" */ = {
			isa = XCConfigurationList;
			buildConfigurations = (
				D13C3D7223962D6900F99247 /* Debug */,
				D13C3D7323962D6900F99247 /* Release */,
			);
			defaultConfigurationIsVisible = 0;
			defaultConfigurationName = Release;
		};
		D13C3D7423962D6900F99247 /* Build configuration list for PBXNativeTarget "AlgorithmDemoUITests" */ = {
			isa = XCConfigurationList;
			buildConfigurations = (
				D13C3D7523962D6900F99247 /* Debug */,
				D13C3D7623962D6900F99247 /* Release */,
			);
			defaultConfigurationIsVisible = 0;
			defaultConfigurationName = Release;
		};
/* End XCConfigurationList section */
	};
	rootObject = D13C3D3723962D6800F99247 /* Project object */;
}
